
Microsoft Visual Studio Solution File, Format Version 12.00
# Visual Studio 15
VisualStudioVersion = 15.0.28307.705
MinimumVisualStudioVersion = 10.0.40219.1
Project("{8BC9CEB8-8B4A-11D0-8D11-00A0C91BC942}") = "8.Fish", "8.Delegete construction\8.Delegete construction.vcxproj", "{B982F5B5-371E-4BCA-94E3-111B767D529C}"
EndProject
Global
	GlobalSection(SolutionConfigurationPlatforms) = preSolution
		Debug|x64 = Debug|x64
		Debug|x86 = Debug|x86
		Release|x64 = Release|x64
		Release|x86 = Release|x86
	EndGlobalSection
	GlobalSection(ProjectConfigurationPlatforms) = postSolution
		{B982F5B5-371E-4BCA-94E3-111B767D529C}.Debug|x64.ActiveCfg = Debug|x64
		{B982F5B5-371E-4BCA-94E3-111B767D529C}.Debug|x64.Build.0 = Debug|x64
		{B982F5B5-371E-4BCA-94E3-111B767D529C}.Debug|x86.ActiveCfg = Debug|Win32
		{B982F5B5-371E-4BCA-94E3-111B767D529C}.Debug|x86.Build.0 = Debug|Win32
		{B982F5B5-371E-4BCA-94E3-111B767D529C}.Release|x64.ActiveCfg = Release|x64
		{B982F5B5-371E-4BCA-94E3-111B767D529C}.Release|x64.Build.0 = Release|x64
		{B982F5B5-371E-4BCA-94E3-111B767D529C}.Release|x86.ActiveCfg = Release|Win32
		{B982F5B5-371E-4BCA-94E3-111B767D529C}.Release|x86.Build.0 = Release|Win32
	EndGlobalSection
	GlobalSection(SolutionProperties) = preSolution
		HideSolutionNode = FALSE
	EndGlobalSection
	GlobalSection(ExtensibilityGlobals) = postSolution
		SolutionGuid = {0F94147D-FD6E-4220-A23B-635E2C7A129D}
	EndGlobalSection
EndGlobal
