
Microsoft Visual Studio Solution File, Format Version 12.00
# Visual Studio 15
VisualStudioVersion = 15.0.28307.705
MinimumVisualStudioVersion = 10.0.40219.1
Project("{8BC9CEB8-8B4A-11D0-8D11-00A0C91BC942}") = "16. repit list", "16. repit list\16. repit list.vcxproj", "{A1EADBED-59F4-4D72-9CD7-42597AA06D48}"
EndProject
Global
	GlobalSection(SolutionConfigurationPlatforms) = preSolution
		Debug|x64 = Debug|x64
		Debug|x86 = Debug|x86
		Release|x64 = Release|x64
		Release|x86 = Release|x86
	EndGlobalSection
	GlobalSection(ProjectConfigurationPlatforms) = postSolution
		{A1EADBED-59F4-4D72-9CD7-42597AA06D48}.Debug|x64.ActiveCfg = Debug|x64
		{A1EADBED-59F4-4D72-9CD7-42597AA06D48}.Debug|x64.Build.0 = Debug|x64
		{A1EADBED-59F4-4D72-9CD7-42597AA06D48}.Debug|x86.ActiveCfg = Debug|Win32
		{A1EADBED-59F4-4D72-9CD7-42597AA06D48}.Debug|x86.Build.0 = Debug|Win32
		{A1EADBED-59F4-4D72-9CD7-42597AA06D48}.Release|x64.ActiveCfg = Release|x64
		{A1EADBED-59F4-4D72-9CD7-42597AA06D48}.Release|x64.Build.0 = Release|x64
		{A1EADBED-59F4-4D72-9CD7-42597AA06D48}.Release|x86.ActiveCfg = Release|Win32
		{A1EADBED-59F4-4D72-9CD7-42597AA06D48}.Release|x86.Build.0 = Release|Win32
	EndGlobalSection
	GlobalSection(SolutionProperties) = preSolution
		HideSolutionNode = FALSE
	EndGlobalSection
	GlobalSection(ExtensibilityGlobals) = postSolution
		SolutionGuid = {5694BB53-3F72-4515-B8B0-188329AB9FDE}
	EndGlobalSection
EndGlobal
