
Microsoft Visual Studio Solution File, Format Version 12.00
# Visual Studio 15
VisualStudioVersion = 15.0.28307.705
MinimumVisualStudioVersion = 10.0.40219.1
Project("{8BC9CEB8-8B4A-11D0-8D11-00A0C91BC942}") = "12.Friend funck", "12.Friend funck\12.Friend funck.vcxproj", "{4058B8B5-13D5-4068-88A5-FD9A738160D8}"
EndProject
Global
	GlobalSection(SolutionConfigurationPlatforms) = preSolution
		Debug|x64 = Debug|x64
		Debug|x86 = Debug|x86
		Release|x64 = Release|x64
		Release|x86 = Release|x86
	EndGlobalSection
	GlobalSection(ProjectConfigurationPlatforms) = postSolution
		{4058B8B5-13D5-4068-88A5-FD9A738160D8}.Debug|x64.ActiveCfg = Debug|x64
		{4058B8B5-13D5-4068-88A5-FD9A738160D8}.Debug|x64.Build.0 = Debug|x64
		{4058B8B5-13D5-4068-88A5-FD9A738160D8}.Debug|x86.ActiveCfg = Debug|Win32
		{4058B8B5-13D5-4068-88A5-FD9A738160D8}.Debug|x86.Build.0 = Debug|Win32
		{4058B8B5-13D5-4068-88A5-FD9A738160D8}.Release|x64.ActiveCfg = Release|x64
		{4058B8B5-13D5-4068-88A5-FD9A738160D8}.Release|x64.Build.0 = Release|x64
		{4058B8B5-13D5-4068-88A5-FD9A738160D8}.Release|x86.ActiveCfg = Release|Win32
		{4058B8B5-13D5-4068-88A5-FD9A738160D8}.Release|x86.Build.0 = Release|Win32
	EndGlobalSection
	GlobalSection(SolutionProperties) = preSolution
		HideSolutionNode = FALSE
	EndGlobalSection
	GlobalSection(ExtensibilityGlobals) = postSolution
		SolutionGuid = {60184A35-17BB-4004-BD5F-4F0392AF6326}
	EndGlobalSection
EndGlobal
